# This file is automatically @generated by Cargo.
# It is not intended for manual editing.
[[package]]
name = "paste"
version = "1.0.11"
source = "registry+https://github.com/rust-lang/crates.io-index"
checksum = "d01a5bd0424d00070b0098dd17ebca6f961a959dead1dbcbbbc1d1cd8d3deeba"

[[package]]
name = "tlsr8266_mesh"
version = "0.1.0"
dependencies = [
 "paste",
]
