# This file is automatically @generated by Cargo.
# It is not intended for manual editing.
version = 3

[[package]]
name = "autocfg"
version = "1.1.0"
source = "registry+https://github.com/rust-lang/crates.io-index"
checksum = "d468802bab17cbc0cc575e9b053f41e72aa36bfa6b7f55e3529ffa43161b97fa"

[[package]]
name = "const-cstr"
version = "0.3.0"
source = "registry+https://github.com/rust-lang/crates.io-index"
checksum = "ed3d0b5ff30645a68f35ece8cea4556ca14ef8a1651455f789a099a0513532a6"

[[package]]
name = "externc-libm"
version = "0.1.0"
source = "registry+https://github.com/rust-lang/crates.io-index"
checksum = "a92d5ce4982632e52cebdfdef7580f2f1b3dc02f541a74ac8838412bb3e9b123"
dependencies = [
 "libm",
]

[[package]]
name = "keyframe"
version = "1.1.1"
source = "registry+https://github.com/rust-lang/crates.io-index"
checksum = "60708bf7981518d09095d6f5673ce5cf6a64f1e0d9708b554f670e6d9d2bd9a9"
dependencies = [
 "mint",
 "num-traits",
]

[[package]]
name = "libm"
version = "0.2.6"
source = "registry+https://github.com/rust-lang/crates.io-index"
checksum = "348108ab3fba42ec82ff6e9564fc4ca0247bdccdc68dd8af9764bbc79c3c8ffb"

[[package]]
name = "mint"
version = "0.5.9"
source = "registry+https://github.com/rust-lang/crates.io-index"
checksum = "e53debba6bda7a793e5f99b8dacf19e626084f525f7829104ba9898f367d85ff"

[[package]]
name = "num-traits"
version = "0.2.15"
source = "registry+https://github.com/rust-lang/crates.io-index"
checksum = "578ede34cf02f8924ab9447f50c28075b4d3e5b269972345e7e0372b38c6cdcd"
dependencies = [
 "autocfg",
 "libm",
]

[[package]]
name = "paste"
version = "1.0.11"
source = "registry+https://github.com/rust-lang/crates.io-index"
checksum = "d01a5bd0424d00070b0098dd17ebca6f961a959dead1dbcbbbc1d1cd8d3deeba"

[[package]]
name = "tlsr8266_mesh"
version = "0.1.0"
dependencies = [
 "const-cstr",
 "externc-libm",
 "keyframe",
 "libm",
 "paste",
]
